
Microsoft Visual Studio Solution File, Format Version 12.00
# Visual Studio Version 17
VisualStudioVersion = 17.9.34607.119
MinimumVisualStudioVersion = 10.0.40219.1
Project("{FAE04EC0-301F-11D3-BF4B-00C04F79EFBC}") = "Phase4EndProject", "Phase4EndProject\Phase4EndProject.csproj", "{2031E4BF-F676-484C-AEB5-68EF367D1813}"
EndProject
Project("{FAE04EC0-301F-11D3-BF4B-00C04F79EFBC}") = "ClassLibrary", "ClassLibrary\ClassLibrary.csproj", "{7B6D51DD-9ACA-4D67-A255-71ABFD229A19}"
EndProject
Global
	GlobalSection(SolutionConfigurationPlatforms) = preSolution
		Debug|Any CPU = Debug|Any CPU
		Release|Any CPU = Release|Any CPU
	EndGlobalSection
	GlobalSection(ProjectConfigurationPlatforms) = postSolution
		{2031E4BF-F676-484C-AEB5-68EF367D1813}.Debug|Any CPU.ActiveCfg = Debug|Any CPU
		{2031E4BF-F676-484C-AEB5-68EF367D1813}.Debug|Any CPU.Build.0 = Debug|Any CPU
		{2031E4BF-F676-484C-AEB5-68EF367D1813}.Release|Any CPU.ActiveCfg = Release|Any CPU
		{2031E4BF-F676-484C-AEB5-68EF367D1813}.Release|Any CPU.Build.0 = Release|Any CPU
		{7B6D51DD-9ACA-4D67-A255-71ABFD229A19}.Debug|Any CPU.ActiveCfg = Debug|Any CPU
		{7B6D51DD-9ACA-4D67-A255-71ABFD229A19}.Debug|Any CPU.Build.0 = Debug|Any CPU
		{7B6D51DD-9ACA-4D67-A255-71ABFD229A19}.Release|Any CPU.ActiveCfg = Release|Any CPU
		{7B6D51DD-9ACA-4D67-A255-71ABFD229A19}.Release|Any CPU.Build.0 = Release|Any CPU
	EndGlobalSection
	GlobalSection(SolutionProperties) = preSolution
		HideSolutionNode = FALSE
	EndGlobalSection
	GlobalSection(ExtensibilityGlobals) = postSolution
		SolutionGuid = {6C589417-E5A3-47A8-A266-468C78AEBF32}
	EndGlobalSection
EndGlobal
